
Microsoft Visual Studio Solution File, Format Version 12.00
# Visual Studio Version 16
VisualStudioVersion = 16.0.28922.388
MinimumVisualStudioVersion = 10.0.40219.1
Project("{8BC9CEB8-8B4A-11D0-8D11-00A0C91BC942}") = "redru-engine", "redru-engine.vcxproj", "{D793D790-D1A4-4E78-A1EA-333154E77E8E}"
EndProject
Global
	GlobalSection(SolutionConfigurationPlatforms) = preSolution
		Debug|x64 = Debug|x64
		Debug|x86 = Debug|x86
		Release|x64 = Release|x64
		Release|x86 = Release|x86
	EndGlobalSection
	GlobalSection(ProjectConfigurationPlatforms) = postSolution
		{D793D790-D1A4-4E78-A1EA-333154E77E8E}.Debug|x64.ActiveCfg = Debug|x64
		{D793D790-D1A4-4E78-A1EA-333154E77E8E}.Debug|x64.Build.0 = Debug|x64
		{D793D790-D1A4-4E78-A1EA-333154E77E8E}.Debug|x86.ActiveCfg = Debug|Win32
		{D793D790-D1A4-4E78-A1EA-333154E77E8E}.Debug|x86.Build.0 = Debug|Win32
		{D793D790-D1A4-4E78-A1EA-333154E77E8E}.Release|x64.ActiveCfg = Release|x64
		{D793D790-D1A4-4E78-A1EA-333154E77E8E}.Release|x64.Build.0 = Release|x64
		{D793D790-D1A4-4E78-A1EA-333154E77E8E}.Release|x86.ActiveCfg = Release|Win32
		{D793D790-D1A4-4E78-A1EA-333154E77E8E}.Release|x86.Build.0 = Release|Win32
	EndGlobalSection
	GlobalSection(SolutionProperties) = preSolution
		HideSolutionNode = FALSE
	EndGlobalSection
	GlobalSection(ExtensibilityGlobals) = postSolution
		SolutionGuid = {CBD85572-DBDE-4100-80ED-2185CF4CE595}
	EndGlobalSection
EndGlobal
