<?xml version="1.0" encoding="utf-8"?>
<Project ToolsVersion="4.0" xmlns="http://schemas.microsoft.com/developer/msbuild/2003">
  <ItemGroup>
    <Filter Include="Archivos de origen">
      <UniqueIdentifier>{4FC737F1-C7A5-4376-A066-2A32D752A2FF}</UniqueIdentifier>
      <Extensions>cpp;c;cc;cxx;def;odl;idl;hpj;bat;asm;asmx</Extensions>
    </Filter>
    <Filter Include="Archivos de encabezado">
      <UniqueIdentifier>{93995380-89BD-4b04-88EB-625FBE52EBFB}</UniqueIdentifier>
      <Extensions>h;hh;hpp;hxx;hm;inl;inc;ipp;xsd</Extensions>
    </Filter>
    <Filter Include="Archivos de recursos">
      <UniqueIdentifier>{67DA6AB6-F800-4c08-8B7A-83BB121AAD01}</UniqueIdentifier>
      <Extensions>rc;ico;cur;bmp;dlg;rc2;rct;bin;rgs;gif;jpg;jpeg;jpe;resx;tiff;tif;png;wav;mfcribbon-ms</Extensions>
    </Filter>
    <Filter Include="Archivos de encabezado\Game">
      <UniqueIdentifier>{35336bfb-db24-49a0-9138-55d41f9a32cd}</UniqueIdentifier>
    </Filter>
    <Filter Include="Archivos de origen\Game">
      <UniqueIdentifier>{82d883be-a7a5-4455-b617-622514dbb875}</UniqueIdentifier>
    </Filter>
    <Filter Include="Archivos de origen\Game\States">
      <UniqueIdentifier>{cbe0b44e-3ef5-4e6c-b2bf-a7a5f54a1263}</UniqueIdentifier>
    </Filter>
    <Filter Include="Archivos de encabezado\Game\States">
      <UniqueIdentifier>{8a92951f-8b1d-48a1-9baa-28fca6211b54}</UniqueIdentifier>
    </Filter>
    <Filter Include="Archivos de encabezado\Game\Objects">
      <UniqueIdentifier>{39d8957e-0955-42d1-a5f6-036a0800982b}</UniqueIdentifier>
    </Filter>
    <Filter Include="Archivos de origen\Game\Objects">
      <UniqueIdentifier>{4a684c7f-5a6c-4906-9c28-b09e7ecf7071}</UniqueIdentifier>
    </Filter>
    <Filter Include="Archivos de encabezado\Engine">
      <UniqueIdentifier>{d4da95a1-e221-4f46-a61c-790e6cf398cc}</UniqueIdentifier>
    </Filter>
    <Filter Include="Archivos de encabezado\Engine\Managers">
      <UniqueIdentifier>{e8c8b813-1560-411f-a793-ec67331a106b}</UniqueIdentifier>
    </Filter>
    <Filter Include="Archivos de encabezado\Engine\Components">
      <UniqueIdentifier>{3ac60626-6df8-4e34-b38b-2527ad21d0df}</UniqueIdentifier>
    </Filter>
    <Filter Include="Archivos de encabezado\Engine\Assets">
      <UniqueIdentifier>{8753395d-acae-41e1-828f-df830d71505b}</UniqueIdentifier>
    </Filter>
    <Filter Include="Archivos de origen\Engine">
      <UniqueIdentifier>{bc46ff1e-a559-4b24-9319-8925110e7691}</UniqueIdentifier>
    </Filter>
    <Filter Include="Archivos de origen\Engine\Managers">
      <UniqueIdentifier>{8441a903-43d9-4b4c-9ea5-a00f9721aee4}</UniqueIdentifier>
    </Filter>
    <Filter Include="Archivos de origen\Engine\Assets">
      <UniqueIdentifier>{04d31b79-e0ed-43eb-8402-8220eb6813a7}</UniqueIdentifier>
    </Filter>
    <Filter Include="Archivos de origen\Engine\Components">
      <UniqueIdentifier>{533e9c11-6c3c-446e-ae9f-0c3d05ead618}</UniqueIdentifier>
    </Filter>
    <Filter Include="Archivos de origen\Game\States\LevelOne">
      <UniqueIdentifier>{d78ab5f1-5db4-484a-acc5-8d5215f7ceb9}</UniqueIdentifier>
    </Filter>
    <Filter Include="Archivos de origen\Game\States\MainMenu">
      <UniqueIdentifier>{8e2e5f0f-acf8-4001-aef6-ae52a52c3fad}</UniqueIdentifier>
    </Filter>
    <Filter Include="Archivos de origen\Game\States\SplashScreen">
      <UniqueIdentifier>{dea62121-e1e1-4472-bf02-c3e796e8e509}</UniqueIdentifier>
    </Filter>
    <Filter Include="Archivos de encabezado\Game\States\LevelOne">
      <UniqueIdentifier>{f1400720-7306-47f2-b767-4a0b0f3fa469}</UniqueIdentifier>
    </Filter>
    <Filter Include="Archivos de encabezado\Game\States\MainMenu">
      <UniqueIdentifier>{3acc739a-827e-4013-a612-9aa802bfe664}</UniqueIdentifier>
    </Filter>
    <Filter Include="Archivos de encabezado\Game\States\SplashScreen">
      <UniqueIdentifier>{ce045f9d-b7e7-41c7-b483-491b1a71fe46}</UniqueIdentifier>
    </Filter>
  </ItemGroup>
  <ItemGroup>
    <None Include=".gitignore">
      <Filter>Archivos de recursos</Filter>
    </None>
  </ItemGroup>
  <ItemGroup>
    <ClCompile Include="src\main.cpp">
      <Filter>Archivos de origen</Filter>
    </ClCompile>
    <ClCompile Include="src\REDRU\AudioManager.cpp">
      <Filter>Archivos de origen\Engine\Managers</Filter>
    </ClCompile>
    <ClCompile Include="src\REDRU\GraphicsManager.cpp">
      <Filter>Archivos de origen\Engine\Managers</Filter>
    </ClCompile>
    <ClCompile Include="src\REDRU\InputManager.cpp">
      <Filter>Archivos de origen\Engine\Managers</Filter>
    </ClCompile>
    <ClCompile Include="src\REDRU\StatesManager.cpp">
      <Filter>Archivos de origen\Engine\Managers</Filter>
    </ClCompile>
    <ClCompile Include="src\REDRU\RedruEngine.cpp">
      <Filter>Archivos de origen\Engine</Filter>
    </ClCompile>
    <ClCompile Include="src\REDRU\TextureAssets.cpp">
      <Filter>Archivos de origen\Engine\Assets</Filter>
    </ClCompile>
    <ClCompile Include="src\REDRU\GenericGameObject.cpp">
      <Filter>Archivos de origen\Engine\Components</Filter>
    </ClCompile>
    <ClCompile Include="src\REDRU\EventsManager.cpp">
      <Filter>Archivos de origen\Engine\Managers</Filter>
    </ClCompile>
    <ClCompile Include="src\CardObject.cpp">
      <Filter>Archivos de origen\Game\Objects</Filter>
    </ClCompile>
    <ClCompile Include="src\REDRU\MusicAssets.cpp">
      <Filter>Archivos de origen\Engine\Assets</Filter>
    </ClCompile>
    <ClCompile Include="src\REDRU\SoundAssets.cpp">
      <Filter>Archivos de origen\Engine\Assets</Filter>
    </ClCompile>
    <ClCompile Include="src\LevelOneInterface.cpp">
      <Filter>Archivos de origen\Game\States\LevelOne</Filter>
    </ClCompile>
    <ClCompile Include="src\StateLevelOne.cpp">
      <Filter>Archivos de origen\Game\States\LevelOne</Filter>
    </ClCompile>
    <ClCompile Include="src\StateMainMenu.cpp">
      <Filter>Archivos de origen\Game\States\MainMenu</Filter>
    </ClCompile>
    <ClCompile Include="src\StateSplashScreen.cpp">
      <Filter>Archivos de origen\Game\States\SplashScreen</Filter>
    </ClCompile>
    <ClCompile Include="src\REDRU\FontAssets.cpp">
      <Filter>Archivos de origen\Engine\Assets</Filter>
    </ClCompile>
    <ClCompile Include="src\StateStatus.cpp">
      <Filter>Archivos de origen\Game\States</Filter>
    </ClCompile>
  </ItemGroup>
  <ItemGroup>
    <ClInclude Include="include\REDRU\RedruEngine.hpp">
      <Filter>Archivos de encabezado\Engine</Filter>
    </ClInclude>
    <ClInclude Include="include\REDRU\Managers\AudioManager.hpp">
      <Filter>Archivos de encabezado\Engine\Managers</Filter>
    </ClInclude>
    <ClInclude Include="include\REDRU\Managers\StatesManager.hpp">
      <Filter>Archivos de encabezado\Engine\Managers</Filter>
    </ClInclude>
    <ClInclude Include="include\REDRU\Managers\InputManager.hpp">
      <Filter>Archivos de encabezado\Engine\Managers</Filter>
    </ClInclude>
    <ClInclude Include="include\REDRU\Managers\ConfigManager.hpp">
      <Filter>Archivos de encabezado\Engine\Managers</Filter>
    </ClInclude>
    <ClInclude Include="include\REDRU\Managers\GraphicsManager.hpp">
      <Filter>Archivos de encabezado\Engine\Managers</Filter>
    </ClInclude>
    <ClInclude Include="include\REDRU\Components\GameObject.hpp">
      <Filter>Archivos de encabezado\Engine\Components</Filter>
    </ClInclude>
    <ClInclude Include="include\REDRU\Components\State.hpp">
      <Filter>Archivos de encabezado\Engine\Components</Filter>
    </ClInclude>
    <ClInclude Include="include\REDRU\Assets\MusicAssets.hpp">
      <Filter>Archivos de encabezado\Engine\Assets</Filter>
    </ClInclude>
    <ClInclude Include="include\REDRU\Assets\SoundAssets.hpp">
      <Filter>Archivos de encabezado\Engine\Assets</Filter>
    </ClInclude>
    <ClInclude Include="include\REDRU\Assets\TextureAssets.hpp">
      <Filter>Archivos de encabezado\Engine\Assets</Filter>
    </ClInclude>
    <ClInclude Include="include\REDRU\Components\GenericGameObject.hpp">
      <Filter>Archivos de encabezado\Engine\Components</Filter>
    </ClInclude>
    <ClInclude Include="include\REDRU\Managers\EventsManager.hpp">
      <Filter>Archivos de encabezado\Engine\Managers</Filter>
    </ClInclude>
    <ClInclude Include="include\CardObject.hpp">
      <Filter>Archivos de encabezado\Game\Objects</Filter>
    </ClInclude>
    <ClInclude Include="include\LevelOneInterface.hpp">
      <Filter>Archivos de encabezado\Game\States\LevelOne</Filter>
    </ClInclude>
    <ClInclude Include="include\StateLevelOne.hpp">
      <Filter>Archivos de encabezado\Game\States\LevelOne</Filter>
    </ClInclude>
    <ClInclude Include="include\StateMainMenu.hpp">
      <Filter>Archivos de encabezado\Game\States\MainMenu</Filter>
    </ClInclude>
    <ClInclude Include="include\StateSplashScreen.hpp">
      <Filter>Archivos de encabezado\Game\States\SplashScreen</Filter>
    </ClInclude>
    <ClInclude Include="include\REDRU\Assets\FontAssets.hpp">
      <Filter>Archivos de encabezado\Engine\Assets</Filter>
    </ClInclude>
    <ClInclude Include="include\StateStatus.hpp">
      <Filter>Archivos de encabezado\Game\States</Filter>
    </ClInclude>
  </ItemGroup>
</Project>